
Microsoft Visual Studio Solution File, Format Version 12.00
# Visual Studio Version 17
VisualStudioVersion = 17.5.33516.290
MinimumVisualStudioVersion = 10.0.40219.1
Project("{FAE04EC0-301F-11D3-BF4B-00C04F79EFBC}") = "TMDT", "TMDT\TMDT.csproj", "{261C9AA8-04C6-4230-BFE7-E0ED0F93A086}"
EndProject
Global
	GlobalSection(SolutionConfigurationPlatforms) = preSolution
		Debug|Any CPU = Debug|Any CPU
		Release|Any CPU = Release|Any CPU
	EndGlobalSection
	GlobalSection(ProjectConfigurationPlatforms) = postSolution
		{261C9AA8-04C6-4230-BFE7-E0ED0F93A086}.Debug|Any CPU.ActiveCfg = Debug|Any CPU
		{261C9AA8-04C6-4230-BFE7-E0ED0F93A086}.Debug|Any CPU.Build.0 = Debug|Any CPU
		{261C9AA8-04C6-4230-BFE7-E0ED0F93A086}.Release|Any CPU.ActiveCfg = Release|Any CPU
		{261C9AA8-04C6-4230-BFE7-E0ED0F93A086}.Release|Any CPU.Build.0 = Release|Any CPU
	EndGlobalSection
	GlobalSection(SolutionProperties) = preSolution
		HideSolutionNode = FALSE
	EndGlobalSection
	GlobalSection(ExtensibilityGlobals) = postSolution
		SolutionGuid = {A65F1527-EACE-4FEC-ACFC-16929DC0CA40}
	EndGlobalSection
EndGlobal
